
Microsoft Visual Studio Solution File, Format Version 12.00
Project("{2150E333-8FDC-42A3-9474-1A3956D46DE8}") = "src", "src", "{BAD9BF51-82C1-4533-8171-3E5BDDB1D694}"
EndProject
Project("{2150E333-8FDC-42A3-9474-1A3956D46DE8}") = "tests", "tests", "{E20DCD38-5B58-4841-9740-F0E5D9B4A736}"
EndProject
Project("{FAE04EC0-301F-11D3-BF4B-00C04F79EFBC}") = "FluentLocalization", "src\FluentLocalization\FluentLocalization.csproj", "{D77D9E47-142A-4870-8AC1-ED1F17736225}"
EndProject
Project("{FAE04EC0-301F-11D3-BF4B-00C04F79EFBC}") = "FluentLocalization.Tests", "tests\FluentLocalization.Tests\FluentLocalization.Tests.csproj", "{14728F23-C81B-4EB1-954F-E95FD48B6749}"
EndProject
Project("{2150E333-8FDC-42A3-9474-1A3956D46DE8}") = "WebUI", "WebUI", "{0783E8CF-0A3D-4EEE-91CD-0B20BD7E3321}"
EndProject
Project("{FAE04EC0-301F-11D3-BF4B-00C04F79EFBC}") = "WebUI.Tests", "tests\WebUI\WebUI.Tests\WebUI.Tests.csproj", "{6422ACCF-52AC-4A1D-A562-82FE179F1342}"
EndProject
Global
	GlobalSection(SolutionConfigurationPlatforms) = preSolution
		Debug|Any CPU = Debug|Any CPU
		Release|Any CPU = Release|Any CPU
	EndGlobalSection
	GlobalSection(NestedProjects) = preSolution
		{D77D9E47-142A-4870-8AC1-ED1F17736225} = {BAD9BF51-82C1-4533-8171-3E5BDDB1D694}
		{14728F23-C81B-4EB1-954F-E95FD48B6749} = {E20DCD38-5B58-4841-9740-F0E5D9B4A736}
		{0783E8CF-0A3D-4EEE-91CD-0B20BD7E3321} = {E20DCD38-5B58-4841-9740-F0E5D9B4A736}
		{6422ACCF-52AC-4A1D-A562-82FE179F1342} = {0783E8CF-0A3D-4EEE-91CD-0B20BD7E3321}
	EndGlobalSection
	GlobalSection(ProjectConfigurationPlatforms) = postSolution
		{D77D9E47-142A-4870-8AC1-ED1F17736225}.Debug|Any CPU.ActiveCfg = Debug|Any CPU
		{D77D9E47-142A-4870-8AC1-ED1F17736225}.Debug|Any CPU.Build.0 = Debug|Any CPU
		{D77D9E47-142A-4870-8AC1-ED1F17736225}.Release|Any CPU.ActiveCfg = Release|Any CPU
		{D77D9E47-142A-4870-8AC1-ED1F17736225}.Release|Any CPU.Build.0 = Release|Any CPU
		{14728F23-C81B-4EB1-954F-E95FD48B6749}.Debug|Any CPU.ActiveCfg = Debug|Any CPU
		{14728F23-C81B-4EB1-954F-E95FD48B6749}.Debug|Any CPU.Build.0 = Debug|Any CPU
		{14728F23-C81B-4EB1-954F-E95FD48B6749}.Release|Any CPU.ActiveCfg = Release|Any CPU
		{14728F23-C81B-4EB1-954F-E95FD48B6749}.Release|Any CPU.Build.0 = Release|Any CPU
		{6422ACCF-52AC-4A1D-A562-82FE179F1342}.Debug|Any CPU.ActiveCfg = Debug|Any CPU
		{6422ACCF-52AC-4A1D-A562-82FE179F1342}.Debug|Any CPU.Build.0 = Debug|Any CPU
		{6422ACCF-52AC-4A1D-A562-82FE179F1342}.Release|Any CPU.ActiveCfg = Release|Any CPU
		{6422ACCF-52AC-4A1D-A562-82FE179F1342}.Release|Any CPU.Build.0 = Release|Any CPU
	EndGlobalSection
EndGlobal
